
Microsoft Visual Studio Solution File, Format Version 12.00
# Visual Studio Version 17
VisualStudioVersion = 17.14.36212.18 d17.14
MinimumVisualStudioVersion = 10.0.40219.1
Project("{FAE04EC0-301F-11D3-BF4B-00C04F79EFBC}") = "Task01", "Task01\Task01.csproj", "{6939668C-3286-4AEA-91A9-8493268FD81C}"
EndProject
Project("{FAE04EC0-301F-11D3-BF4B-00C04F79EFBC}") = "Task02", "Task02\Task02.csproj", "{EB4D4F65-785E-41B5-9755-396F66B9F6EF}"
EndProject
Project("{FAE04EC0-301F-11D3-BF4B-00C04F79EFBC}") = "Search_Task03", "Search_Task03\Search_Task03.csproj", "{955DC280-523F-4BB6-8294-96629D134BDA}"
EndProject
Project("{FAE04EC0-301F-11D3-BF4B-00C04F79EFBC}") = "Bonus_Task04", "Bonus_Task04\Bonus_Task04.csproj", "{A76EB585-082F-4C98-801F-D1876A7B323A}"
EndProject
Global
	GlobalSection(SolutionConfigurationPlatforms) = preSolution
		Debug|Any CPU = Debug|Any CPU
		Release|Any CPU = Release|Any CPU
	EndGlobalSection
	GlobalSection(ProjectConfigurationPlatforms) = postSolution
		{6939668C-3286-4AEA-91A9-8493268FD81C}.Debug|Any CPU.ActiveCfg = Debug|Any CPU
		{6939668C-3286-4AEA-91A9-8493268FD81C}.Debug|Any CPU.Build.0 = Debug|Any CPU
		{6939668C-3286-4AEA-91A9-8493268FD81C}.Release|Any CPU.ActiveCfg = Release|Any CPU
		{6939668C-3286-4AEA-91A9-8493268FD81C}.Release|Any CPU.Build.0 = Release|Any CPU
		{EB4D4F65-785E-41B5-9755-396F66B9F6EF}.Debug|Any CPU.ActiveCfg = Debug|Any CPU
		{EB4D4F65-785E-41B5-9755-396F66B9F6EF}.Debug|Any CPU.Build.0 = Debug|Any CPU
		{EB4D4F65-785E-41B5-9755-396F66B9F6EF}.Release|Any CPU.ActiveCfg = Release|Any CPU
		{EB4D4F65-785E-41B5-9755-396F66B9F6EF}.Release|Any CPU.Build.0 = Release|Any CPU
		{955DC280-523F-4BB6-8294-96629D134BDA}.Debug|Any CPU.ActiveCfg = Debug|Any CPU
		{955DC280-523F-4BB6-8294-96629D134BDA}.Debug|Any CPU.Build.0 = Debug|Any CPU
		{955DC280-523F-4BB6-8294-96629D134BDA}.Release|Any CPU.ActiveCfg = Release|Any CPU
		{955DC280-523F-4BB6-8294-96629D134BDA}.Release|Any CPU.Build.0 = Release|Any CPU
		{A76EB585-082F-4C98-801F-D1876A7B323A}.Debug|Any CPU.ActiveCfg = Debug|Any CPU
		{A76EB585-082F-4C98-801F-D1876A7B323A}.Debug|Any CPU.Build.0 = Debug|Any CPU
		{A76EB585-082F-4C98-801F-D1876A7B323A}.Release|Any CPU.ActiveCfg = Release|Any CPU
		{A76EB585-082F-4C98-801F-D1876A7B323A}.Release|Any CPU.Build.0 = Release|Any CPU
	EndGlobalSection
	GlobalSection(SolutionProperties) = preSolution
		HideSolutionNode = FALSE
	EndGlobalSection
	GlobalSection(ExtensibilityGlobals) = postSolution
		SolutionGuid = {24773117-48D7-42A1-81FE-30407D17081D}
	EndGlobalSection
EndGlobal
